
Microsoft Visual Studio Solution File, Format Version 12.00
# Visual Studio Version 16
VisualStudioVersion = 16.0.29709.97
MinimumVisualStudioVersion = 10.0.40219.1
Project("{9A19103F-16F7-4668-BE54-9A1E7A4F7556}") = "Api", "Api\Api.csproj", "{5C68F843-FCA1-487B-85C8-28DEC25421C7}"
EndProject
Project("{FAE04EC0-301F-11D3-BF4B-00C04F79EFBC}") = "Api.Test", "Api.Test\Api.Test.csproj", "{3ACB162B-70D5-41BA-9046-94A9476D0CB7}"
EndProject
Global
	GlobalSection(SolutionConfigurationPlatforms) = preSolution
		Debug|Any CPU = Debug|Any CPU
		Release|Any CPU = Release|Any CPU
	EndGlobalSection
	GlobalSection(ProjectConfigurationPlatforms) = postSolution
		{5C68F843-FCA1-487B-85C8-28DEC25421C7}.Debug|Any CPU.ActiveCfg = Debug|Any CPU
		{5C68F843-FCA1-487B-85C8-28DEC25421C7}.Debug|Any CPU.Build.0 = Debug|Any CPU
		{5C68F843-FCA1-487B-85C8-28DEC25421C7}.Release|Any CPU.ActiveCfg = Release|Any CPU
		{5C68F843-FCA1-487B-85C8-28DEC25421C7}.Release|Any CPU.Build.0 = Release|Any CPU
		{3ACB162B-70D5-41BA-9046-94A9476D0CB7}.Debug|Any CPU.ActiveCfg = Debug|Any CPU
		{3ACB162B-70D5-41BA-9046-94A9476D0CB7}.Debug|Any CPU.Build.0 = Debug|Any CPU
		{3ACB162B-70D5-41BA-9046-94A9476D0CB7}.Release|Any CPU.ActiveCfg = Release|Any CPU
		{3ACB162B-70D5-41BA-9046-94A9476D0CB7}.Release|Any CPU.Build.0 = Release|Any CPU
	EndGlobalSection
	GlobalSection(SolutionProperties) = preSolution
		HideSolutionNode = FALSE
	EndGlobalSection
	GlobalSection(ExtensibilityGlobals) = postSolution
		SolutionGuid = {F2826585-33D6-4704-B57D-8C5D13E786F4}
	EndGlobalSection
EndGlobal
